// !$*UTF8*$!
{
	archiveVersion = 1;
	classes = {
	};
	objectVersion = 56;
	objects = {

/* Begin PBXBuildFile section */
		04274A842A0ED61E006E9883 /* Extension + UIView.swift in Sources */ = {isa = PBXBuildFile; fileRef = 04274A832A0ED61E006E9883 /* Extension + UIView.swift */; };
		04274A8C2A10DEF8006E9883 /* UserInformation.swift in Sources */ = {isa = PBXBuildFile; fileRef = 04274A8B2A10DEF8006E9883 /* UserInformation.swift */; };
		04274AAE2A111AD4006E9883 /* TabBarController.swift in Sources */ = {isa = PBXBuildFile; fileRef = 04274AAD2A111AD4006E9883 /* TabBarController.swift */; };
		04274AB22A113126006E9883 /* UserViewController.swift in Sources */ = {isa = PBXBuildFile; fileRef = 04274AB12A113126006E9883 /* UserViewController.swift */; };
		04274AB42A113272006E9883 /* UserBioViewController.swift in Sources */ = {isa = PBXBuildFile; fileRef = 04274AB32A113272006E9883 /* UserBioViewController.swift */; };
		04E622AB2A0A7A8A005F2DCB /* AppDelegate.swift in Sources */ = {isa = PBXBuildFile; fileRef = 04E622AA2A0A7A8A005F2DCB /* AppDelegate.swift */; };
		04E622AD2A0A7A8A005F2DCB /* SceneDelegate.swift in Sources */ = {isa = PBXBuildFile; fileRef = 04E622AC2A0A7A8A005F2DCB /* SceneDelegate.swift */; };
		04E622AF2A0A7A8A005F2DCB /* LoginViewController.swift in Sources */ = {isa = PBXBuildFile; fileRef = 04E622AE2A0A7A8A005F2DCB /* LoginViewController.swift */; };
		04E622B22A0A7A8A005F2DCB /* Main.storyboard in Resources */ = {isa = PBXBuildFile; fileRef = 04E622B02A0A7A8A005F2DCB /* Main.storyboard */; };
		04E622B42A0A7A8C005F2DCB /* Assets.xcassets in Resources */ = {isa = PBXBuildFile; fileRef = 04E622B32A0A7A8C005F2DCB /* Assets.xcassets */; };
		04E622B72A0A7A8C005F2DCB /* LaunchScreen.storyboard in Resources */ = {isa = PBXBuildFile; fileRef = 04E622B52A0A7A8C005F2DCB /* LaunchScreen.storyboard */; };
		04E622BF2A0AF4D2005F2DCB /* WelcomeViewController.swift in Sources */ = {isa = PBXBuildFile; fileRef = 04E622BE2A0AF4D2005F2DCB /* WelcomeViewController.swift */; };
/* End PBXBuildFile section */

/* Begin PBXFileReference section */
		04274A832A0ED61E006E9883 /* Extension + UIView.swift */ = {isa = PBXFileReference; lastKnownFileType = sourcecode.swift; path = "Extension + UIView.swift"; sourceTree = "<group>"; };
		04274A8B2A10DEF8006E9883 /* UserInformation.swift */ = {isa = PBXFileReference; lastKnownFileType = sourcecode.swift; path = UserInformation.swift; sourceTree = "<group>"; };
		04274AAD2A111AD4006E9883 /* TabBarController.swift */ = {isa = PBXFileReference; lastKnownFileType = sourcecode.swift; path = TabBarController.swift; sourceTree = "<group>"; };
		04274AB12A113126006E9883 /* UserViewController.swift */ = {isa = PBXFileReference; lastKnownFileType = sourcecode.swift; path = UserViewController.swift; sourceTree = "<group>"; };
		04274AB32A113272006E9883 /* UserBioViewController.swift */ = {isa = PBXFileReference; lastKnownFileType = sourcecode.swift; path = UserBioViewController.swift; sourceTree = "<group>"; };
		04E622A72A0A7A8A005F2DCB /* HWLoginUser.app */ = {isa = PBXFileReference; explicitFileType = wrapper.application; includeInIndex = 0; path = HWLoginUser.app; sourceTree = BUILT_PRODUCTS_DIR; };
		04E622AA2A0A7A8A005F2DCB /* AppDelegate.swift */ = {isa = PBXFileReference; lastKnownFileType = sourcecode.swift; path = AppDelegate.swift; sourceTree = "<group>"; };
		04E622AC2A0A7A8A005F2DCB /* SceneDelegate.swift */ = {isa = PBXFileReference; lastKnownFileType = sourcecode.swift; path = SceneDelegate.swift; sourceTree = "<group>"; };
		04E622AE2A0A7A8A005F2DCB /* LoginViewController.swift */ = {isa = PBXFileReference; lastKnownFileType = sourcecode.swift; path = LoginViewController.swift; sourceTree = "<group>"; };
		04E622B12A0A7A8A005F2DCB /* Base */ = {isa = PBXFileReference; lastKnownFileType = file.storyboard; name = Base; path = Base.lproj/Main.storyboard; sourceTree = "<group>"; };
		04E622B32A0A7A8C005F2DCB /* Assets.xcassets */ = {isa = PBXFileReference; lastKnownFileType = folder.assetcatalog; path = Assets.xcassets; sourceTree = "<group>"; };
		04E622B62A0A7A8C005F2DCB /* Base */ = {isa = PBXFileReference; lastKnownFileType = file.storyboard; name = Base; path = Base.lproj/LaunchScreen.storyboard; sourceTree = "<group>"; };
		04E622B82A0A7A8C005F2DCB /* Info.plist */ = {isa = PBXFileReference; lastKnownFileType = text.plist.xml; path = Info.plist; sourceTree = "<group>"; };
		04E622BE2A0AF4D2005F2DCB /* WelcomeViewController.swift */ = {isa = PBXFileReference; lastKnownFileType = sourcecode.swift; path = WelcomeViewController.swift; sourceTree = "<group>"; };
/* End PBXFileReference section */

/* Begin PBXFrameworksBuildPhase section */
		04E622A42A0A7A8A005F2DCB /* Frameworks */ = {
			isa = PBXFrameworksBuildPhase;
			buildActionMask = 2147483647;
			files = (
			);
			runOnlyForDeploymentPostprocessing = 0;
		};
/* End PBXFrameworksBuildPhase section */

/* Begin PBXGroup section */
		04274A852A103C2D006E9883 /* App */ = {
			isa = PBXGroup;
			children = (
				04E622AA2A0A7A8A005F2DCB /* AppDelegate.swift */,
				04E622AC2A0A7A8A005F2DCB /* SceneDelegate.swift */,
				04E622B82A0A7A8C005F2DCB /* Info.plist */,
			);
			path = App;
			sourceTree = "<group>";
		};
		04274A862A103CAA006E9883 /* ViewControllers */ = {
			isa = PBXGroup;
			children = (
				04E622AE2A0A7A8A005F2DCB /* LoginViewController.swift */,
				04E622BE2A0AF4D2005F2DCB /* WelcomeViewController.swift */,
				04274AB12A113126006E9883 /* UserViewController.swift */,
				04274AAD2A111AD4006E9883 /* TabBarController.swift */,
				04274AB32A113272006E9883 /* UserBioViewController.swift */,
			);
			path = ViewControllers;
			sourceTree = "<group>";
		};
		04274A872A103CF3006E9883 /* Storyboards */ = {
			isa = PBXGroup;
			children = (
				04E622B02A0A7A8A005F2DCB /* Main.storyboard */,
				04E622B52A0A7A8C005F2DCB /* LaunchScreen.storyboard */,
			);
			path = Storyboards;
			sourceTree = "<group>";
		};
		04274A882A103D1E006E9883 /* Resources */ = {
			isa = PBXGroup;
			children = (
				04E622B32A0A7A8C005F2DCB /* Assets.xcassets */,
			);
			path = Resources;
			sourceTree = "<group>";
		};
		04274A892A103D3F006E9883 /* Extensions */ = {
			isa = PBXGroup;
			children = (
				04274A832A0ED61E006E9883 /* Extension + UIView.swift */,
				04274A882A103D1E006E9883 /* Resources */,
			);
			path = Extensions;
			sourceTree = "<group>";
		};
		04274A8A2A103D72006E9883 /* Models */ = {
			isa = PBXGroup;
			children = (
				04274A8B2A10DEF8006E9883 /* UserInformation.swift */,
			);
			path = Models;
			sourceTree = "<group>";
		};
		04E6229E2A0A7A8A005F2DCB = {
			isa = PBXGroup;
			children = (
				04E622A92A0A7A8A005F2DCB /* HWLoginUser */,
				04E622A82A0A7A8A005F2DCB /* Products */,
			);
			sourceTree = "<group>";
		};
		04E622A82A0A7A8A005F2DCB /* Products */ = {
			isa = PBXGroup;
			children = (
				04E622A72A0A7A8A005F2DCB /* HWLoginUser.app */,
			);
			name = Products;
			sourceTree = "<group>";
		};
		04E622A92A0A7A8A005F2DCB /* HWLoginUser */ = {
			isa = PBXGroup;
			children = (
				04274A8A2A103D72006E9883 /* Models */,
				04274A852A103C2D006E9883 /* App */,
				04274A862A103CAA006E9883 /* ViewControllers */,
				04274A892A103D3F006E9883 /* Extensions */,
				04274A872A103CF3006E9883 /* Storyboards */,
			);
			path = HWLoginUser;
			sourceTree = "<group>";
		};
/* End PBXGroup section */

/* Begin PBXNativeTarget section */
		04E622A62A0A7A8A005F2DCB /* HWLoginUser */ = {
			isa = PBXNativeTarget;
			buildConfigurationList = 04E622BB2A0A7A8C005F2DCB /* Build configuration list for PBXNativeTarget "HWLoginUser" */;
			buildPhases = (
				04E622A32A0A7A8A005F2DCB /* Sources */,
				04E622A42A0A7A8A005F2DCB /* Frameworks */,
				04E622A52A0A7A8A005F2DCB /* Resources */,
			);
			buildRules = (
			);
			dependencies = (
			);
			name = HWLoginUser;
			productName = HWLoginUser;
			productReference = 04E622A72A0A7A8A005F2DCB /* HWLoginUser.app */;
			productType = "com.apple.product-type.application";
		};
/* End PBXNativeTarget section */

/* Begin PBXProject section */
		04E6229F2A0A7A8A005F2DCB /* Project object */ = {
			isa = PBXProject;
			attributes = {
				BuildIndependentTargetsInParallel = 1;
				LastSwiftUpdateCheck = 1430;
				LastUpgradeCheck = 1430;
				TargetAttributes = {
					04E622A62A0A7A8A005F2DCB = {
						CreatedOnToolsVersion = 14.3;
					};
				};
			};
			buildConfigurationList = 04E622A22A0A7A8A005F2DCB /* Build configuration list for PBXProject "HWLoginUser" */;
			compatibilityVersion = "Xcode 14.0";
			developmentRegion = en;
			hasScannedForEncodings = 0;
			knownRegions = (
				en,
				Base,
			);
			mainGroup = 04E6229E2A0A7A8A005F2DCB;
			productRefGroup = 04E622A82A0A7A8A005F2DCB /* Products */;
			projectDirPath = "";
			projectRoot = "";
			targets = (
				04E622A62A0A7A8A005F2DCB /* HWLoginUser */,
			);
		};
/* End PBXProject section */

/* Begin PBXResourcesBuildPhase section */
		04E622A52A0A7A8A005F2DCB /* Resources */ = {
			isa = PBXResourcesBuildPhase;
			buildActionMask = 2147483647;
			files = (
				04E622B72A0A7A8C005F2DCB /* LaunchScreen.storyboard in Resources */,
				04E622B42A0A7A8C005F2DCB /* Assets.xcassets in Resources */,
				04E622B22A0A7A8A005F2DCB /* Main.storyboard in Resources */,
			);
			runOnlyForDeploymentPostprocessing = 0;
		};
/* End PBXResourcesBuildPhase section */

/* Begin PBXSourcesBuildPhase section */
		04E622A32A0A7A8A005F2DCB /* Sources */ = {
			isa = PBXSourcesBuildPhase;
			buildActionMask = 2147483647;
			files = (
				04E622AF2A0A7A8A005F2DCB /* LoginViewController.swift in Sources */,
				04274AB22A113126006E9883 /* UserViewController.swift in Sources */,
				04274A8C2A10DEF8006E9883 /* UserInformation.swift in Sources */,
				04274A842A0ED61E006E9883 /* Extension + UIView.swift in Sources */,
				04E622BF2A0AF4D2005F2DCB /* WelcomeViewController.swift in Sources */,
				04274AAE2A111AD4006E9883 /* TabBarController.swift in Sources */,
				04274AB42A113272006E9883 /* UserBioViewController.swift in Sources */,
				04E622AB2A0A7A8A005F2DCB /* AppDelegate.swift in Sources */,
				04E622AD2A0A7A8A005F2DCB /* SceneDelegate.swift in Sources */,
			);
			runOnlyForDeploymentPostprocessing = 0;
		};
/* End PBXSourcesBuildPhase section */

/* Begin PBXVariantGroup section */
		04E622B02A0A7A8A005F2DCB /* Main.storyboard */ = {
			isa = PBXVariantGroup;
			children = (
				04E622B12A0A7A8A005F2DCB /* Base */,
			);
			name = Main.storyboard;
			sourceTree = "<group>";
		};
		04E622B52A0A7A8C005F2DCB /* LaunchScreen.storyboard */ = {
			isa = PBXVariantGroup;
			children = (
				04E622B62A0A7A8C005F2DCB /* Base */,
			);
			name = LaunchScreen.storyboard;
			sourceTree = "<group>";
		};
/* End PBXVariantGroup section */

/* Begin XCBuildConfiguration section */
		04E622B92A0A7A8C005F2DCB /* Debug */ = {
			isa = XCBuildConfiguration;
			buildSettings = {
				ALWAYS_SEARCH_USER_PATHS = NO;
				CLANG_ANALYZER_NONNULL = YES;
				CLANG_ANALYZER_NUMBER_OBJECT_CONVERSION = YES_AGGRESSIVE;
				CLANG_CXX_LANGUAGE_STANDARD = "gnu++20";
				CLANG_ENABLE_MODULES = YES;
				CLANG_ENABLE_OBJC_ARC = YES;
				CLANG_ENABLE_OBJC_WEAK = YES;
				CLANG_WARN_BLOCK_CAPTURE_AUTORELEASING = YES;
				CLANG_WARN_BOOL_CONVERSION = YES;
				CLANG_WARN_COMMA = YES;
				CLANG_WARN_CONSTANT_CONVERSION = YES;
				CLANG_WARN_DEPRECATED_OBJC_IMPLEMENTATIONS = YES;
				CLANG_WARN_DIRECT_OBJC_ISA_USAGE = YES_ERROR;
				CLANG_WARN_DOCUMENTATION_COMMENTS = YES;
				CLANG_WARN_EMPTY_BODY = YES;
				CLANG_WARN_ENUM_CONVERSION = YES;
				CLANG_WARN_INFINITE_RECURSION = YES;
				CLANG_WARN_INT_CONVERSION = YES;
				CLANG_WARN_NON_LITERAL_NULL_CONVERSION = YES;
				CLANG_WARN_OBJC_IMPLICIT_RETAIN_SELF = YES;
				CLANG_WARN_OBJC_LITERAL_CONVERSION = YES;
				CLANG_WARN_OBJC_ROOT_CLASS = YES_ERROR;
				CLANG_WARN_QUOTED_INCLUDE_IN_FRAMEWORK_HEADER = YES;
				CLANG_WARN_RANGE_LOOP_ANALYSIS = YES;
				CLANG_WARN_STRICT_PROTOTYPES = YES;
				CLANG_WARN_SUSPICIOUS_MOVE = YES;
				CLANG_WARN_UNGUARDED_AVAILABILITY = YES_AGGRESSIVE;
				CLANG_WARN_UNREACHABLE_CODE = YES;
				CLANG_WARN__DUPLICATE_METHOD_MATCH = YES;
				COPY_PHASE_STRIP = NO;
				DEBUG_INFORMATION_FORMAT = dwarf;
				ENABLE_STRICT_OBJC_MSGSEND = YES;
				ENABLE_TESTABILITY = YES;
				GCC_C_LANGUAGE_STANDARD = gnu11;
				GCC_DYNAMIC_NO_PIC = NO;
				GCC_NO_COMMON_BLOCKS = YES;
				GCC_OPTIMIZATION_LEVEL = 0;
				GCC_PREPROCESSOR_DEFINITIONS = (
					"DEBUG=1",
					"$(inherited)",
				);
				GCC_WARN_64_TO_32_BIT_CONVERSION = YES;
				GCC_WARN_ABOUT_RETURN_TYPE = YES_ERROR;
				GCC_WARN_UNDECLARED_SELECTOR = YES;
				GCC_WARN_UNINITIALIZED_AUTOS = YES_AGGRESSIVE;
				GCC_WARN_UNUSED_FUNCTION = YES;
				GCC_WARN_UNUSED_VARIABLE = YES;
				IPHONEOS_DEPLOYMENT_TARGET = 16.4;
				MTL_ENABLE_DEBUG_INFO = INCLUDE_SOURCE;
				MTL_FAST_MATH = YES;
				ONLY_ACTIVE_ARCH = YES;
				SDKROOT = iphoneos;
				SWIFT_ACTIVE_COMPILATION_CONDITIONS = DEBUG;
				SWIFT_OPTIMIZATION_LEVEL = "-Onone";
			};
			name = Debug;
		};
		04E622BA2A0A7A8C005F2DCB /* Release */ = {
			isa = XCBuildConfiguration;
			buildSettings = {
				ALWAYS_SEARCH_USER_PATHS = NO;
				CLANG_ANALYZER_NONNULL = YES;
				CLANG_ANALYZER_NUMBER_OBJECT_CONVERSION = YES_AGGRESSIVE;
				CLANG_CXX_LANGUAGE_STANDARD = "gnu++20";
				CLANG_ENABLE_MODULES = YES;
				CLANG_ENABLE_OBJC_ARC = YES;
				CLANG_ENABLE_OBJC_WEAK = YES;
				CLANG_WARN_BLOCK_CAPTURE_AUTORELEASING = YES;
				CLANG_WARN_BOOL_CONVERSION = YES;
				CLANG_WARN_COMMA = YES;
				CLANG_WARN_CONSTANT_CONVERSION = YES;
				CLANG_WARN_DEPRECATED_OBJC_IMPLEMENTATIONS = YES;
				CLANG_WARN_DIRECT_OBJC_ISA_USAGE = YES_ERROR;
				CLANG_WARN_DOCUMENTATION_COMMENTS = YES;
				CLANG_WARN_EMPTY_BODY = YES;
				CLANG_WARN_ENUM_CONVERSION = YES;
				CLANG_WARN_INFINITE_RECURSION = YES;
				CLANG_WARN_INT_CONVERSION = YES;
				CLANG_WARN_NON_LITERAL_NULL_CONVERSION = YES;
				CLANG_WARN_OBJC_IMPLICIT_RETAIN_SELF = YES;
				CLANG_WARN_OBJC_LITERAL_CONVERSION = YES;
				CLANG_WARN_OBJC_ROOT_CLASS = YES_ERROR;
				CLANG_WARN_QUOTED_INCLUDE_IN_FRAMEWORK_HEADER = YES;
				CLANG_WARN_RANGE_LOOP_ANALYSIS = YES;
				CLANG_WARN_STRICT_PROTOTYPES = YES;
				CLANG_WARN_SUSPICIOUS_MOVE = YES;
				CLANG_WARN_UNGUARDED_AVAILABILITY = YES_AGGRESSIVE;
				CLANG_WARN_UNREACHABLE_CODE = YES;
				CLANG_WARN__DUPLICATE_METHOD_MATCH = YES;
				COPY_PHASE_STRIP = NO;
				DEBUG_INFORMATION_FORMAT = "dwarf-with-dsym";
				ENABLE_NS_ASSERTIONS = NO;
				ENABLE_STRICT_OBJC_MSGSEND = YES;
				GCC_C_LANGUAGE_STANDARD = gnu11;
				GCC_NO_COMMON_BLOCKS = YES;
				GCC_WARN_64_TO_32_BIT_CONVERSION = YES;
				GCC_WARN_ABOUT_RETURN_TYPE = YES_ERROR;
				GCC_WARN_UNDECLARED_SELECTOR = YES;
				GCC_WARN_UNINITIALIZED_AUTOS = YES_AGGRESSIVE;
				GCC_WARN_UNUSED_FUNCTION = YES;
				GCC_WARN_UNUSED_VARIABLE = YES;
				IPHONEOS_DEPLOYMENT_TARGET = 16.4;
				MTL_ENABLE_DEBUG_INFO = NO;
				MTL_FAST_MATH = YES;
				SDKROOT = iphoneos;
				SWIFT_COMPILATION_MODE = wholemodule;
				SWIFT_OPTIMIZATION_LEVEL = "-O";
				VALIDATE_PRODUCT = YES;
			};
			name = Release;
		};
		04E622BC2A0A7A8C005F2DCB /* Debug */ = {
			isa = XCBuildConfiguration;
			buildSettings = {
				ASSETCATALOG_COMPILER_APPICON_NAME = AppIcon;
				ASSETCATALOG_COMPILER_GLOBAL_ACCENT_COLOR_NAME = AccentColor;
				CODE_SIGN_STYLE = Automatic;
				CURRENT_PROJECT_VERSION = 1;
				DEVELOPMENT_TEAM = C62KP44N4M;
				GENERATE_INFOPLIST_FILE = YES;
				INFOPLIST_FILE = HWLoginUser/App/Info.plist;
				INFOPLIST_KEY_UIApplicationSupportsIndirectInputEvents = YES;
				INFOPLIST_KEY_UILaunchStoryboardName = LaunchScreen;
				INFOPLIST_KEY_UIMainStoryboardFile = Main;
				INFOPLIST_KEY_UISupportedInterfaceOrientations = UIInterfaceOrientationPortrait;
				INFOPLIST_KEY_UISupportedInterfaceOrientations_iPad = "UIInterfaceOrientationLandscapeLeft UIInterfaceOrientationLandscapeRight UIInterfaceOrientationPortrait UIInterfaceOrientationPortraitUpsideDown";
				LD_RUNPATH_SEARCH_PATHS = (
					"$(inherited)",
					"@executable_path/Frameworks",
				);
				MARKETING_VERSION = 1.0;
				PRODUCT_BUNDLE_IDENTIFIER = FedorWell.HWLoginUser;
				PRODUCT_NAME = "$(TARGET_NAME)";
				SUPPORTED_PLATFORMS = "iphoneos iphonesimulator";
				SUPPORTS_MACCATALYST = NO;
				SUPPORTS_MAC_DESIGNED_FOR_IPHONE_IPAD = NO;
				SWIFT_EMIT_LOC_STRINGS = YES;
				SWIFT_VERSION = 5.0;
				TARGETED_DEVICE_FAMILY = 1;
			};
			name = Debug;
		};
		04E622BD2A0A7A8C005F2DCB /* Release */ = {
			isa = XCBuildConfiguration;
			buildSettings = {
				ASSETCATALOG_COMPILER_APPICON_NAME = AppIcon;
				ASSETCATALOG_COMPILER_GLOBAL_ACCENT_COLOR_NAME = AccentColor;
				CODE_SIGN_STYLE = Automatic;
				CURRENT_PROJECT_VERSION = 1;
				DEVELOPMENT_TEAM = C62KP44N4M;
				GENERATE_INFOPLIST_FILE = YES;
				INFOPLIST_FILE = HWLoginUser/App/Info.plist;
				INFOPLIST_KEY_UIApplicationSupportsIndirectInputEvents = YES;
				INFOPLIST_KEY_UILaunchStoryboardName = LaunchScreen;
				INFOPLIST_KEY_UIMainStoryboardFile = Main;
				INFOPLIST_KEY_UISupportedInterfaceOrientations = UIInterfaceOrientationPortrait;
				INFOPLIST_KEY_UISupportedInterfaceOrientations_iPad = "UIInterfaceOrientationLandscapeLeft UIInterfaceOrientationLandscapeRight UIInterfaceOrientationPortrait UIInterfaceOrientationPortraitUpsideDown";
				LD_RUNPATH_SEARCH_PATHS = (
					"$(inherited)",
					"@executable_path/Frameworks",
				);
				MARKETING_VERSION = 1.0;
				PRODUCT_BUNDLE_IDENTIFIER = FedorWell.HWLoginUser;
				PRODUCT_NAME = "$(TARGET_NAME)";
				SUPPORTED_PLATFORMS = "iphoneos iphonesimulator";
				SUPPORTS_MACCATALYST = NO;
				SUPPORTS_MAC_DESIGNED_FOR_IPHONE_IPAD = NO;
				SWIFT_EMIT_LOC_STRINGS = YES;
				SWIFT_VERSION = 5.0;
				TARGETED_DEVICE_FAMILY = 1;
			};
			name = Release;
		};
/* End XCBuildConfiguration section */

/* Begin XCConfigurationList section */
		04E622A22A0A7A8A005F2DCB /* Build configuration list for PBXProject "HWLoginUser" */ = {
			isa = XCConfigurationList;
			buildConfigurations = (
				04E622B92A0A7A8C005F2DCB /* Debug */,
				04E622BA2A0A7A8C005F2DCB /* Release */,
			);
			defaultConfigurationIsVisible = 0;
			defaultConfigurationName = Release;
		};
		04E622BB2A0A7A8C005F2DCB /* Build configuration list for PBXNativeTarget "HWLoginUser" */ = {
			isa = XCConfigurationList;
			buildConfigurations = (
				04E622BC2A0A7A8C005F2DCB /* Debug */,
				04E622BD2A0A7A8C005F2DCB /* Release */,
			);
			defaultConfigurationIsVisible = 0;
			defaultConfigurationName = Release;
		};
/* End XCConfigurationList section */
	};
	rootObject = 04E6229F2A0A7A8A005F2DCB /* Project object */;
}
